// !$*UTF8*$!
{
	archiveVersion = 1;
	classes = {
	};
	objectVersion = 50;
	objects = {

/* Begin PBXBuildFile section */
		7D7D7B4422538C3A008F0EAE /* AppDelegate.swift in Sources */ = {isa = PBXBuildFile; fileRef = 7D7D7B4322538C3A008F0EAE /* AppDelegate.swift */; };
		7D7D7B4622538C3A008F0EAE /* ViewController.swift in Sources */ = {isa = PBXBuildFile; fileRef = 7D7D7B4522538C3A008F0EAE /* ViewController.swift */; };
		7D7D7B4922538C3A008F0EAE /* Main.storyboard in Resources */ = {isa = PBXBuildFile; fileRef = 7D7D7B4722538C3A008F0EAE /* Main.storyboard */; };
		7D7D7B4B22538C3B008F0EAE /* Assets.xcassets in Resources */ = {isa = PBXBuildFile; fileRef = 7D7D7B4A22538C3B008F0EAE /* Assets.xcassets */; };
		7D7D7B4E22538C3B008F0EAE /* LaunchScreen.storyboard in Resources */ = {isa = PBXBuildFile; fileRef = 7D7D7B4C22538C3B008F0EAE /* LaunchScreen.storyboard */; };
		7D7D7B5622538CA3008F0EAE /* Comidas.json in Resources */ = {isa = PBXBuildFile; fileRef = 7D7D7B5522538CA3008F0EAE /* Comidas.json */; };
		7D7D7B5822538DA4008F0EAE /* ProtocoloComidas.swift in Sources */ = {isa = PBXBuildFile; fileRef = 7D7D7B5722538DA4008F0EAE /* ProtocoloComidas.swift */; };
		7D7D7B792253C7D8008F0EAE /* ComidinhasTableViewCell.swift in Sources */ = {isa = PBXBuildFile; fileRef = 7D7D7B772253C7D8008F0EAE /* ComidinhasTableViewCell.swift */; };
		7D7D7B7A2253C7D8008F0EAE /* ComidinhasTableViewCell.xib in Resources */ = {isa = PBXBuildFile; fileRef = 7D7D7B782253C7D8008F0EAE /* ComidinhasTableViewCell.xib */; };
/* End PBXBuildFile section */

/* Begin PBXFileReference section */
		7D7D7B4022538C3A008F0EAE /* TabelinhaDeComidas.app */ = {isa = PBXFileReference; explicitFileType = wrapper.application; includeInIndex = 0; path = TabelinhaDeComidas.app; sourceTree = BUILT_PRODUCTS_DIR; };
		7D7D7B4322538C3A008F0EAE /* AppDelegate.swift */ = {isa = PBXFileReference; lastKnownFileType = sourcecode.swift; path = AppDelegate.swift; sourceTree = "<group>"; };
		7D7D7B4522538C3A008F0EAE /* ViewController.swift */ = {isa = PBXFileReference; lastKnownFileType = sourcecode.swift; path = ViewController.swift; sourceTree = "<group>"; };
		7D7D7B4822538C3A008F0EAE /* Base */ = {isa = PBXFileReference; lastKnownFileType = file.storyboard; name = Base; path = Base.lproj/Main.storyboard; sourceTree = "<group>"; };
		7D7D7B4A22538C3B008F0EAE /* Assets.xcassets */ = {isa = PBXFileReference; lastKnownFileType = folder.assetcatalog; path = Assets.xcassets; sourceTree = "<group>"; };
		7D7D7B4D22538C3B008F0EAE /* Base */ = {isa = PBXFileReference; lastKnownFileType = file.storyboard; name = Base; path = Base.lproj/LaunchScreen.storyboard; sourceTree = "<group>"; };
		7D7D7B4F22538C3B008F0EAE /* Info.plist */ = {isa = PBXFileReference; lastKnownFileType = text.plist.xml; path = Info.plist; sourceTree = "<group>"; };
		7D7D7B5522538CA3008F0EAE /* Comidas.json */ = {isa = PBXFileReference; lastKnownFileType = text.json; path = Comidas.json; sourceTree = "<group>"; };
		7D7D7B5722538DA4008F0EAE /* ProtocoloComidas.swift */ = {isa = PBXFileReference; lastKnownFileType = sourcecode.swift; path = ProtocoloComidas.swift; sourceTree = "<group>"; };
		7D7D7B772253C7D8008F0EAE /* ComidinhasTableViewCell.swift */ = {isa = PBXFileReference; lastKnownFileType = sourcecode.swift; path = ComidinhasTableViewCell.swift; sourceTree = "<group>"; };
		7D7D7B782253C7D8008F0EAE /* ComidinhasTableViewCell.xib */ = {isa = PBXFileReference; lastKnownFileType = file.xib; path = ComidinhasTableViewCell.xib; sourceTree = "<group>"; };
/* End PBXFileReference section */

/* Begin PBXFrameworksBuildPhase section */
		7D7D7B3D22538C3A008F0EAE /* Frameworks */ = {
			isa = PBXFrameworksBuildPhase;
			buildActionMask = 2147483647;
			files = (
			);
			runOnlyForDeploymentPostprocessing = 0;
		};
/* End PBXFrameworksBuildPhase section */

/* Begin PBXGroup section */
		7D7D7B3722538C39008F0EAE = {
			isa = PBXGroup;
			children = (
				7D7D7B4222538C3A008F0EAE /* TabelinhaDeComidas */,
				7D7D7B4122538C3A008F0EAE /* Products */,
			);
			sourceTree = "<group>";
		};
		7D7D7B4122538C3A008F0EAE /* Products */ = {
			isa = PBXGroup;
			children = (
				7D7D7B4022538C3A008F0EAE /* TabelinhaDeComidas.app */,
			);
			name = Products;
			sourceTree = "<group>";
		};
		7D7D7B4222538C3A008F0EAE /* TabelinhaDeComidas */ = {
			isa = PBXGroup;
			children = (
				7D7D7B4322538C3A008F0EAE /* AppDelegate.swift */,
				7D7D7B4522538C3A008F0EAE /* ViewController.swift */,
				7D7D7B5722538DA4008F0EAE /* ProtocoloComidas.swift */,
				7D7D7B4722538C3A008F0EAE /* Main.storyboard */,
				7D7D7B772253C7D8008F0EAE /* ComidinhasTableViewCell.swift */,
				7D7D7B782253C7D8008F0EAE /* ComidinhasTableViewCell.xib */,
				7D7D7B5522538CA3008F0EAE /* Comidas.json */,
				7D7D7B4A22538C3B008F0EAE /* Assets.xcassets */,
				7D7D7B4C22538C3B008F0EAE /* LaunchScreen.storyboard */,
				7D7D7B4F22538C3B008F0EAE /* Info.plist */,
			);
			path = TabelinhaDeComidas;
			sourceTree = "<group>";
		};
/* End PBXGroup section */

/* Begin PBXNativeTarget section */
		7D7D7B3F22538C3A008F0EAE /* TabelinhaDeComidas */ = {
			isa = PBXNativeTarget;
			buildConfigurationList = 7D7D7B5222538C3B008F0EAE /* Build configuration list for PBXNativeTarget "TabelinhaDeComidas" */;
			buildPhases = (
				7D7D7B3C22538C3A008F0EAE /* Sources */,
				7D7D7B3D22538C3A008F0EAE /* Frameworks */,
				7D7D7B3E22538C3A008F0EAE /* Resources */,
			);
			buildRules = (
			);
			dependencies = (
			);
			name = TabelinhaDeComidas;
			productName = TabelinhaDeComidas;
			productReference = 7D7D7B4022538C3A008F0EAE /* TabelinhaDeComidas.app */;
			productType = "com.apple.product-type.application";
		};
/* End PBXNativeTarget section */

/* Begin PBXProject section */
		7D7D7B3822538C39008F0EAE /* Project object */ = {
			isa = PBXProject;
			attributes = {
				LastSwiftUpdateCheck = 1020;
				LastUpgradeCheck = 1020;
				ORGANIZATIONNAME = "Hundily Cerqueira Silva";
				TargetAttributes = {
					7D7D7B3F22538C3A008F0EAE = {
						CreatedOnToolsVersion = 10.2;
					};
				};
			};
			buildConfigurationList = 7D7D7B3B22538C39008F0EAE /* Build configuration list for PBXProject "TabelinhaDeComidas" */;
			compatibilityVersion = "Xcode 9.3";
			developmentRegion = en;
			hasScannedForEncodings = 0;
			knownRegions = (
				en,
				Base,
			);
			mainGroup = 7D7D7B3722538C39008F0EAE;
			productRefGroup = 7D7D7B4122538C3A008F0EAE /* Products */;
			projectDirPath = "";
			projectRoot = "";
			targets = (
				7D7D7B3F22538C3A008F0EAE /* TabelinhaDeComidas */,
			);
		};
/* End PBXProject section */

/* Begin PBXResourcesBuildPhase section */
		7D7D7B3E22538C3A008F0EAE /* Resources */ = {
			isa = PBXResourcesBuildPhase;
			buildActionMask = 2147483647;
			files = (
				7D7D7B7A2253C7D8008F0EAE /* ComidinhasTableViewCell.xib in Resources */,
				7D7D7B5622538CA3008F0EAE /* Comidas.json in Resources */,
				7D7D7B4E22538C3B008F0EAE /* LaunchScreen.storyboard in Resources */,
				7D7D7B4B22538C3B008F0EAE /* Assets.xcassets in Resources */,
				7D7D7B4922538C3A008F0EAE /* Main.storyboard in Resources */,
			);
			runOnlyForDeploymentPostprocessing = 0;
		};
/* End PBXResourcesBuildPhase section */

/* Begin PBXSourcesBuildPhase section */
		7D7D7B3C22538C3A008F0EAE /* Sources */ = {
			isa = PBXSourcesBuildPhase;
			buildActionMask = 2147483647;
			files = (
				7D7D7B5822538DA4008F0EAE /* ProtocoloComidas.swift in Sources */,
				7D7D7B4622538C3A008F0EAE /* ViewController.swift in Sources */,
				7D7D7B792253C7D8008F0EAE /* ComidinhasTableViewCell.swift in Sources */,
				7D7D7B4422538C3A008F0EAE /* AppDelegate.swift in Sources */,
			);
			runOnlyForDeploymentPostprocessing = 0;
		};
/* End PBXSourcesBuildPhase section */

/* Begin PBXVariantGroup section */
		7D7D7B4722538C3A008F0EAE /* Main.storyboard */ = {
			isa = PBXVariantGroup;
			children = (
				7D7D7B4822538C3A008F0EAE /* Base */,
			);
			name = Main.storyboard;
			sourceTree = "<group>";
		};
		7D7D7B4C22538C3B008F0EAE /* LaunchScreen.storyboard */ = {
			isa = PBXVariantGroup;
			children = (
				7D7D7B4D22538C3B008F0EAE /* Base */,
			);
			name = LaunchScreen.storyboard;
			sourceTree = "<group>";
		};
/* End PBXVariantGroup section */

/* Begin XCBuildConfiguration section */
		7D7D7B5022538C3B008F0EAE /* Debug */ = {
			isa = XCBuildConfiguration;
			buildSettings = {
				ALWAYS_SEARCH_USER_PATHS = NO;
				CLANG_ANALYZER_NONNULL = YES;
				CLANG_ANALYZER_NUMBER_OBJECT_CONVERSION = YES_AGGRESSIVE;
				CLANG_CXX_LANGUAGE_STANDARD = "gnu++14";
				CLANG_CXX_LIBRARY = "libc++";
				CLANG_ENABLE_MODULES = YES;
				CLANG_ENABLE_OBJC_ARC = YES;
				CLANG_ENABLE_OBJC_WEAK = YES;
				CLANG_WARN_BLOCK_CAPTURE_AUTORELEASING = YES;
				CLANG_WARN_BOOL_CONVERSION = YES;
				CLANG_WARN_COMMA = YES;
				CLANG_WARN_CONSTANT_CONVERSION = YES;
				CLANG_WARN_DEPRECATED_OBJC_IMPLEMENTATIONS = YES;
				CLANG_WARN_DIRECT_OBJC_ISA_USAGE = YES_ERROR;
				CLANG_WARN_DOCUMENTATION_COMMENTS = YES;
				CLANG_WARN_EMPTY_BODY = YES;
				CLANG_WARN_ENUM_CONVERSION = YES;
				CLANG_WARN_INFINITE_RECURSION = YES;
				CLANG_WARN_INT_CONVERSION = YES;
				CLANG_WARN_NON_LITERAL_NULL_CONVERSION = YES;
				CLANG_WARN_OBJC_IMPLICIT_RETAIN_SELF = YES;
				CLANG_WARN_OBJC_LITERAL_CONVERSION = YES;
				CLANG_WARN_OBJC_ROOT_CLASS = YES_ERROR;
				CLANG_WARN_RANGE_LOOP_ANALYSIS = YES;
				CLANG_WARN_STRICT_PROTOTYPES = YES;
				CLANG_WARN_SUSPICIOUS_MOVE = YES;
				CLANG_WARN_UNGUARDED_AVAILABILITY = YES_AGGRESSIVE;
				CLANG_WARN_UNREACHABLE_CODE = YES;
				CLANG_WARN__DUPLICATE_METHOD_MATCH = YES;
				CODE_SIGN_IDENTITY = "iPhone Developer";
				COPY_PHASE_STRIP = NO;
				DEBUG_INFORMATION_FORMAT = dwarf;
				ENABLE_STRICT_OBJC_MSGSEND = YES;
				ENABLE_TESTABILITY = YES;
				GCC_C_LANGUAGE_STANDARD = gnu11;
				GCC_DYNAMIC_NO_PIC = NO;
				GCC_NO_COMMON_BLOCKS = YES;
				GCC_OPTIMIZATION_LEVEL = 0;
				GCC_PREPROCESSOR_DEFINITIONS = (
					"DEBUG=1",
					"$(inherited)",
				);
				GCC_WARN_64_TO_32_BIT_CONVERSION = YES;
				GCC_WARN_ABOUT_RETURN_TYPE = YES_ERROR;
				GCC_WARN_UNDECLARED_SELECTOR = YES;
				GCC_WARN_UNINITIALIZED_AUTOS = YES_AGGRESSIVE;
				GCC_WARN_UNUSED_FUNCTION = YES;
				GCC_WARN_UNUSED_VARIABLE = YES;
				IPHONEOS_DEPLOYMENT_TARGET = 12.2;
				MTL_ENABLE_DEBUG_INFO = INCLUDE_SOURCE;
				MTL_FAST_MATH = YES;
				ONLY_ACTIVE_ARCH = YES;
				SDKROOT = iphoneos;
				SWIFT_ACTIVE_COMPILATION_CONDITIONS = DEBUG;
				SWIFT_OPTIMIZATION_LEVEL = "-Onone";
			};
			name = Debug;
		};
		7D7D7B5122538C3B008F0EAE /* Release */ = {
			isa = XCBuildConfiguration;
			buildSettings = {
				ALWAYS_SEARCH_USER_PATHS = NO;
				CLANG_ANALYZER_NONNULL = YES;
				CLANG_ANALYZER_NUMBER_OBJECT_CONVERSION = YES_AGGRESSIVE;
				CLANG_CXX_LANGUAGE_STANDARD = "gnu++14";
				CLANG_CXX_LIBRARY = "libc++";
				CLANG_ENABLE_MODULES = YES;
				CLANG_ENABLE_OBJC_ARC = YES;
				CLANG_ENABLE_OBJC_WEAK = YES;
				CLANG_WARN_BLOCK_CAPTURE_AUTORELEASING = YES;
				CLANG_WARN_BOOL_CONVERSION = YES;
				CLANG_WARN_COMMA = YES;
				CLANG_WARN_CONSTANT_CONVERSION = YES;
				CLANG_WARN_DEPRECATED_OBJC_IMPLEMENTATIONS = YES;
				CLANG_WARN_DIRECT_OBJC_ISA_USAGE = YES_ERROR;
				CLANG_WARN_DOCUMENTATION_COMMENTS = YES;
				CLANG_WARN_EMPTY_BODY = YES;
				CLANG_WARN_ENUM_CONVERSION = YES;
				CLANG_WARN_INFINITE_RECURSION = YES;
				CLANG_WARN_INT_CONVERSION = YES;
				CLANG_WARN_NON_LITERAL_NULL_CONVERSION = YES;
				CLANG_WARN_OBJC_IMPLICIT_RETAIN_SELF = YES;
				CLANG_WARN_OBJC_LITERAL_CONVERSION = YES;
				CLANG_WARN_OBJC_ROOT_CLASS = YES_ERROR;
				CLANG_WARN_RANGE_LOOP_ANALYSIS = YES;
				CLANG_WARN_STRICT_PROTOTYPES = YES;
				CLANG_WARN_SUSPICIOUS_MOVE = YES;
				CLANG_WARN_UNGUARDED_AVAILABILITY = YES_AGGRESSIVE;
				CLANG_WARN_UNREACHABLE_CODE = YES;
				CLANG_WARN__DUPLICATE_METHOD_MATCH = YES;
				CODE_SIGN_IDENTITY = "iPhone Developer";
				COPY_PHASE_STRIP = NO;
				DEBUG_INFORMATION_FORMAT = "dwarf-with-dsym";
				ENABLE_NS_ASSERTIONS = NO;
				ENABLE_STRICT_OBJC_MSGSEND = YES;
				GCC_C_LANGUAGE_STANDARD = gnu11;
				GCC_NO_COMMON_BLOCKS = YES;
				GCC_WARN_64_TO_32_BIT_CONVERSION = YES;
				GCC_WARN_ABOUT_RETURN_TYPE = YES_ERROR;
				GCC_WARN_UNDECLARED_SELECTOR = YES;
				GCC_WARN_UNINITIALIZED_AUTOS = YES_AGGRESSIVE;
				GCC_WARN_UNUSED_FUNCTION = YES;
				GCC_WARN_UNUSED_VARIABLE = YES;
				IPHONEOS_DEPLOYMENT_TARGET = 12.2;
				MTL_ENABLE_DEBUG_INFO = NO;
				MTL_FAST_MATH = YES;
				SDKROOT = iphoneos;
				SWIFT_COMPILATION_MODE = wholemodule;
				SWIFT_OPTIMIZATION_LEVEL = "-O";
				VALIDATE_PRODUCT = YES;
			};
			name = Release;
		};
		7D7D7B5322538C3B008F0EAE /* Debug */ = {
			isa = XCBuildConfiguration;
			buildSettings = {
				ASSETCATALOG_COMPILER_APPICON_NAME = AppIcon;
				CODE_SIGN_STYLE = Automatic;
				INFOPLIST_FILE = TabelinhaDeComidas/Info.plist;
				LD_RUNPATH_SEARCH_PATHS = (
					"$(inherited)",
					"@executable_path/Frameworks",
				);
				PRODUCT_BUNDLE_IDENTIFIER = hundilycerqueirasilva.TabelinhaDeComidas;
				PRODUCT_NAME = "$(TARGET_NAME)";
				SWIFT_VERSION = 5.0;
				TARGETED_DEVICE_FAMILY = "1,2";
			};
			name = Debug;
		};
		7D7D7B5422538C3B008F0EAE /* Release */ = {
			isa = XCBuildConfiguration;
			buildSettings = {
				ASSETCATALOG_COMPILER_APPICON_NAME = AppIcon;
				CODE_SIGN_STYLE = Automatic;
				INFOPLIST_FILE = TabelinhaDeComidas/Info.plist;
				LD_RUNPATH_SEARCH_PATHS = (
					"$(inherited)",
					"@executable_path/Frameworks",
				);
				PRODUCT_BUNDLE_IDENTIFIER = hundilycerqueirasilva.TabelinhaDeComidas;
				PRODUCT_NAME = "$(TARGET_NAME)";
				SWIFT_VERSION = 5.0;
				TARGETED_DEVICE_FAMILY = "1,2";
			};
			name = Release;
		};
/* End XCBuildConfiguration section */

/* Begin XCConfigurationList section */
		7D7D7B3B22538C39008F0EAE /* Build configuration list for PBXProject "TabelinhaDeComidas" */ = {
			isa = XCConfigurationList;
			buildConfigurations = (
				7D7D7B5022538C3B008F0EAE /* Debug */,
				7D7D7B5122538C3B008F0EAE /* Release */,
			);
			defaultConfigurationIsVisible = 0;
			defaultConfigurationName = Release;
		};
		7D7D7B5222538C3B008F0EAE /* Build configuration list for PBXNativeTarget "TabelinhaDeComidas" */ = {
			isa = XCConfigurationList;
			buildConfigurations = (
				7D7D7B5322538C3B008F0EAE /* Debug */,
				7D7D7B5422538C3B008F0EAE /* Release */,
			);
			defaultConfigurationIsVisible = 0;
			defaultConfigurationName = Release;
		};
/* End XCConfigurationList section */
	};
	rootObject = 7D7D7B3822538C39008F0EAE /* Project object */;
}
